{
  "version": 4,
  "terraform_version": "1.12.1",
  "serial": 121,
  "lineage": "7dd58b49-90d1-2ef0-98b9-d035c97ac971",
  "outputs": {
    "asg_instance_private_ips": {
      "value": [
        "172.31.21.82",
        "172.31.22.184",
        "172.31.25.244",
        "172.31.28.49"
      ],
      "type": [
        "tuple",
        [
          "string",
          "string",
          "string",
          "string"
        ]
      ]
    },
    "asg_name": {
      "value": "asg-group",
      "type": "string"
    },
    "frr_instance_private_ip": {
      "value": "172.31.27.229",
      "type": "string"
    },
    "frr_instance_public_ip": {
      "value": "107.21.167.110",
      "type": "string"
    },
    "ssh_private_key_path": {
      "value": "~/.ssh/k8s-tanuj.pem",
      "type": "string"
    }
  },
  "resources": [
    {
      "mode": "data",
      "type": "external",
      "name": "asg_private_ips",
      "provider": "provider[\"registry.terraform.io/hashicorp/external\"]",
      "instances": [
        {
          "schema_version": 0,
          "attributes": {
            "id": "-",
            "program": [
              "./wait-for-asg-ips.sh"
            ],
            "query": {
              "asg_name": "asg-group",
              "expected_count": "4",
              "region": "us-east-1"
            },
            "result": {
              "private_ips": "[\"172.31.21.82\",\"172.31.22.184\",\"172.31.25.244\",\"172.31.28.49\"]"
            },
            "working_dir": null
          },
          "sensitive_attributes": [],
          "identity_schema_version": 0
        }
      ]
    },
    {
      "mode": "managed",
      "type": "aws_autoscaling_group",
      "name": "asg",
      "provider": "provider[\"registry.terraform.io/hashicorp/aws\"]",
      "instances": [
        {
          "schema_version": 1,
          "attributes": {
            "arn": "arn:aws:autoscaling:us-east-1:013941613503:autoScalingGroup:3c4c5181-4f8d-465e-98ad-cac03a50fe59:autoScalingGroupName/asg-group",
            "availability_zone_distribution": [
              {
                "capacity_distribution_strategy": "balanced-best-effort"
              }
            ],
            "availability_zones": [
              "us-east-1a"
            ],
            "capacity_rebalance": false,
            "capacity_reservation_specification": [
              {
                "capacity_reservation_preference": "default",
                "capacity_reservation_target": []
              }
            ],
            "context": "",
            "default_cooldown": 300,
            "default_instance_warmup": 0,
            "desired_capacity": 4,
            "desired_capacity_type": "",
            "enabled_metrics": null,
            "force_delete": true,
            "force_delete_warm_pool": false,
            "health_check_grace_period": 300,
            "health_check_type": "EC2",
            "id": "asg-group",
            "ignore_failed_scaling_activities": false,
            "initial_lifecycle_hook": [],
            "instance_maintenance_policy": [],
            "instance_refresh": [],
            "launch_configuration": "",
            "launch_template": [
              {
                "id": "lt-0a6c3b040a9e84b82",
                "name": "asg-template-20250605131132996800000003",
                "version": "$Latest"
              }
            ],
            "load_balancers": [],
            "max_instance_lifetime": 0,
            "max_size": 4,
            "metrics_granularity": "1Minute",
            "min_elb_capacity": null,
            "min_size": 4,
            "mixed_instances_policy": [],
            "name": "asg-group",
            "name_prefix": "",
            "placement_group": "",
            "predicted_capacity": 0,
            "protect_from_scale_in": false,
            "service_linked_role_arn": "arn:aws:iam::013941613503:role/aws-service-role/autoscaling.amazonaws.com/AWSServiceRoleForAutoScaling",
            "suspended_processes": null,
            "tag": [
              {
                "key": "Name",
                "propagate_at_launch": true,
                "value": "asg-node"
              }
            ],
            "target_group_arns": [],
            "termination_policies": null,
            "timeouts": null,
            "traffic_source": [],
            "vpc_zone_identifier": [
              "subnet-076fe2de536957ee0"
            ],
            "wait_for_capacity_timeout": "10m",
            "wait_for_elb_capacity": null,
            "warm_pool": [],
            "warm_pool_size": 0
          },
          "sensitive_attributes": [],
          "identity_schema_version": 0,
          "private": "eyJlMmJmYjczMC1lY2FhLTExZTYtOGY4OC0zNDM2M2JjN2M0YzAiOnsiZGVsZXRlIjo2MDAwMDAwMDAwMDAsInVwZGF0ZSI6NjAwMDAwMDAwMDAwfSwic2NoZW1hX3ZlcnNpb24iOiIxIn0=",
          "dependencies": [
            "aws_iam_instance_profile.asg_profile",
            "aws_iam_role.ec2_asg_role",
            "aws_key_pair.generated",
            "aws_launch_template.asg",
            "aws_security_group.asg_self",
            "random_id.suffix",
            "tls_private_key.generated"
          ],
          "create_before_destroy": true
        }
      ]
    },
    {
      "mode": "managed",
      "type": "aws_iam_instance_profile",
      "name": "asg_profile",
      "provider": "provider[\"registry.terraform.io/hashicorp/aws\"]",
      "instances": [
        {
          "schema_version": 0,
          "attributes": {
            "arn": "arn:aws:iam::013941613503:instance-profile/asg-ec2-profile",
            "create_date": "2025-06-05T13:11:25Z",
            "id": "asg-ec2-profile",
            "name": "asg-ec2-profile",
            "name_prefix": "",
            "path": "/",
            "role": "asg-ec2-role",
            "tags": null,
            "tags_all": {},
            "unique_id": "AIPAQGPX4EO7QQYNBHWZF"
          },
          "sensitive_attributes": [],
          "identity_schema_version": 0,
          "private": "bnVsbA==",
          "dependencies": [
            "aws_iam_role.ec2_asg_role"
          ],
          "create_before_destroy": true
        }
      ]
    },
    {
      "mode": "managed",
      "type": "aws_iam_policy",
      "name": "disable_src_dst_check",
      "provider": "provider[\"registry.terraform.io/hashicorp/aws\"]",
      "instances": [
        {
          "schema_version": 0,
          "attributes": {
            "arn": "arn:aws:iam::013941613503:policy/DisableSourceDestCheck",
            "attachment_count": 0,
            "description": "Allow disabling source/destination check on own instance",
            "id": "arn:aws:iam::013941613503:policy/DisableSourceDestCheck",
            "name": "DisableSourceDestCheck",
            "name_prefix": "",
            "path": "/",
            "policy": "{\"Statement\":[{\"Action\":[\"ec2:ModifyInstanceAttribute\",\"ec2:DescribeInstances\"],\"Effect\":\"Allow\",\"Resource\":\"*\"}],\"Version\":\"2012-10-17\"}",
            "policy_id": "ANPAQGPX4EO7QFG6PWZQK",
            "tags": null,
            "tags_all": {}
          },
          "sensitive_attributes": [],
          "identity_schema_version": 0,
          "private": "bnVsbA=="
        }
      ]
    },
    {
      "mode": "managed",
      "type": "aws_iam_role",
      "name": "ec2_asg_role",
      "provider": "provider[\"registry.terraform.io/hashicorp/aws\"]",
      "instances": [
        {
          "schema_version": 0,
          "attributes": {
            "arn": "arn:aws:iam::013941613503:role/asg-ec2-role",
            "assume_role_policy": "{\"Statement\":[{\"Action\":\"sts:AssumeRole\",\"Effect\":\"Allow\",\"Principal\":{\"Service\":\"ec2.amazonaws.com\"}}],\"Version\":\"2012-10-17\"}",
            "create_date": "2025-06-05T13:11:24Z",
            "description": "",
            "force_detach_policies": false,
            "id": "asg-ec2-role",
            "inline_policy": [],
            "managed_policy_arns": [],
            "max_session_duration": 3600,
            "name": "asg-ec2-role",
            "name_prefix": "",
            "path": "/",
            "permissions_boundary": "",
            "tags": null,
            "tags_all": {},
            "unique_id": "AROAQGPX4EO7RV6F7OEEV"
          },
          "sensitive_attributes": [],
          "identity_schema_version": 0,
          "private": "bnVsbA==",
          "create_before_destroy": true
        }
      ]
    },
    {
      "mode": "managed",
      "type": "aws_iam_role_policy_attachment",
      "name": "asg_role_attach_policy",
      "provider": "provider[\"registry.terraform.io/hashicorp/aws\"]",
      "instances": [
        {
          "schema_version": 0,
          "attributes": {
            "id": "asg-ec2-role-20250605131126030000000001",
            "policy_arn": "arn:aws:iam::013941613503:policy/DisableSourceDestCheck",
            "role": "asg-ec2-role"
          },
          "sensitive_attributes": [],
          "identity_schema_version": 0,
          "private": "bnVsbA==",
          "dependencies": [
            "aws_iam_policy.disable_src_dst_check",
            "aws_iam_role.ec2_asg_role"
          ]
        }
      ]
    },
    {
      "mode": "managed",
      "type": "aws_instance",
      "name": "frr_router",
      "provider": "provider[\"registry.terraform.io/hashicorp/aws\"]",
      "instances": [
        {
          "schema_version": 1,
          "attributes": {
            "ami": "ami-0a9115d9e297c6103",
            "arn": "arn:aws:ec2:us-east-1:013941613503:instance/i-0ff3a0636647b1d35",
            "associate_public_ip_address": true,
            "availability_zone": "us-east-1a",
            "capacity_reservation_specification": [
              {
                "capacity_reservation_preference": "open",
                "capacity_reservation_target": []
              }
            ],
            "cpu_core_count": 2,
            "cpu_options": [
              {
                "amd_sev_snp": "",
                "core_count": 2,
                "threads_per_core": 2
              }
            ],
            "cpu_threads_per_core": 2,
            "credit_specification": [
              {
                "cpu_credits": "unlimited"
              }
            ],
            "disable_api_stop": false,
            "disable_api_termination": false,
            "ebs_block_device": [],
            "ebs_optimized": false,
            "enable_primary_ipv6": null,
            "enclave_options": [
              {
                "enabled": false
              }
            ],
            "ephemeral_block_device": [],
            "get_password_data": false,
            "hibernation": false,
            "host_id": "",
            "host_resource_group_arn": null,
            "iam_instance_profile": "",
            "id": "i-0ff3a0636647b1d35",
            "instance_initiated_shutdown_behavior": "stop",
            "instance_lifecycle": "",
            "instance_market_options": [],
            "instance_state": "running",
            "instance_type": "t3.xlarge",
            "ipv6_address_count": 0,
            "ipv6_addresses": [],
            "key_name": "k8s-tanuj",
            "launch_template": [],
            "maintenance_options": [
              {
                "auto_recovery": "default"
              }
            ],
            "metadata_options": [
              {
                "http_endpoint": "enabled",
                "http_protocol_ipv6": "disabled",
                "http_put_response_hop_limit": 1,
                "http_tokens": "optional",
                "instance_metadata_tags": "disabled"
              }
            ],
            "monitoring": false,
            "network_interface": [],
            "outpost_arn": "",
            "password_data": "",
            "placement_group": "",
            "placement_partition_number": 0,
            "primary_network_interface_id": "eni-0eea9f575dbc13dff",
            "private_dns": "ip-172-31-27-229.ec2.internal",
            "private_dns_name_options": [
              {
                "enable_resource_name_dns_a_record": false,
                "enable_resource_name_dns_aaaa_record": false,
                "hostname_type": "ip-name"
              }
            ],
            "private_ip": "172.31.27.229",
            "public_dns": "ec2-107-21-167-110.compute-1.amazonaws.com",
            "public_ip": "107.21.167.110",
            "root_block_device": [
              {
                "delete_on_termination": true,
                "device_name": "/dev/sda1",
                "encrypted": false,
                "iops": 100,
                "kms_key_id": "",
                "tags": {},
                "tags_all": {},
                "throughput": 0,
                "volume_id": "vol-0cb09fab583d2fc36",
                "volume_size": 8,
                "volume_type": "gp2"
              }
            ],
            "secondary_private_ips": [],
            "security_groups": [
              "asg-self-group"
            ],
            "source_dest_check": false,
            "spot_instance_request_id": "",
            "subnet_id": "subnet-076fe2de536957ee0",
            "tags": {
              "Name": "frr-router"
            },
            "tags_all": {
              "Name": "frr-router"
            },
            "tenancy": "default",
            "timeouts": null,
            "user_data": "4c3ef841f64d24522092b1ada4b8e476fe09f8b5",
            "user_data_base64": null,
            "user_data_replace_on_change": false,
            "volume_tags": null,
            "vpc_security_group_ids": [
              "sg-08d8580fc2cf702ee"
            ]
          },
          "sensitive_attributes": [],
          "identity_schema_version": 0,
          "private": "eyJlMmJmYjczMC1lY2FhLTExZTYtOGY4OC0zNDM2M2JjN2M0YzAiOnsiY3JlYXRlIjo2MDAwMDAwMDAwMDAsImRlbGV0ZSI6MTIwMDAwMDAwMDAwMCwicmVhZCI6OTAwMDAwMDAwMDAwLCJ1cGRhdGUiOjYwMDAwMDAwMDAwMH0sInNjaGVtYV92ZXJzaW9uIjoiMSJ9",
          "dependencies": [
            "aws_key_pair.generated",
            "aws_security_group.asg_self",
            "random_id.suffix",
            "tls_private_key.generated"
          ]
        }
      ]
    },
    {
      "mode": "managed",
      "type": "aws_launch_template",
      "name": "asg",
      "provider": "provider[\"registry.terraform.io/hashicorp/aws\"]",
      "instances": [
        {
          "schema_version": 0,
          "attributes": {
            "arn": "arn:aws:ec2:us-east-1:013941613503:launch-template/lt-0a6c3b040a9e84b82",
            "block_device_mappings": [],
            "capacity_reservation_specification": [],
            "cpu_options": [],
            "credit_specification": [],
            "default_version": 1,
            "description": "",
            "disable_api_stop": false,
            "disable_api_termination": false,
            "ebs_optimized": "",
            "elastic_gpu_specifications": [],
            "elastic_inference_accelerator": [],
            "enclave_options": [],
            "hibernation_options": [],
            "iam_instance_profile": [
              {
                "arn": "",
                "name": "asg-ec2-profile"
              }
            ],
            "id": "lt-0a6c3b040a9e84b82",
            "image_id": "ami-001b3fc6186c63470",
            "instance_initiated_shutdown_behavior": "",
            "instance_market_options": [],
            "instance_requirements": [],
            "instance_type": "t3.xlarge",
            "kernel_id": "",
            "key_name": "k8s-tanuj",
            "latest_version": 1,
            "license_specification": [],
            "maintenance_options": [],
            "metadata_options": [],
            "monitoring": [],
            "name": "asg-template-20250605131132996800000003",
            "name_prefix": "asg-template-",
            "network_interfaces": [],
            "placement": [],
            "private_dns_name_options": [],
            "ram_disk_id": "",
            "security_group_names": null,
            "tag_specifications": [
              {
                "resource_type": "instance",
                "tags": {
                  "Name": "asg-node"
                }
              }
            ],
            "tags": null,
            "tags_all": {},
            "update_default_version": null,
            "user_data": "IyEvYmluL2Jhc2gKc2V0IC1lCgojIEluc3RhbGwgYXdzY2xpIGlmIG5vdCBhbHJlYWR5IHByZXNlbnQKaWYgISBjb21tYW5kIC12IGF3cyAmPiAvZGV2L251bGw7IHRoZW4KICBhcHQtZ2V0IHVwZGF0ZSAteQogIGFwdC1nZXQgaW5zdGFsbCAteSBhd3NjbGkKZmkKCklOU1RBTkNFX0lEPSQoY3VybCAtcyBodHRwOi8vMTY5LjI1NC4xNjkuMjU0L2xhdGVzdC9tZXRhLWRhdGEvaW5zdGFuY2UtaWQpClJFR0lPTj0kKGN1cmwgLXMgaHR0cDovLzE2OS4yNTQuMTY5LjI1NC9sYXRlc3QvZHluYW1pYy9pbnN0YW5jZS1pZGVudGl0eS9kb2N1bWVudCB8IGdyZXAgcmVnaW9uIHwgYXdrIC1GXCIgJ3twcmludCAkNH0nKQphd3MgZWMyIG1vZGlmeS1pbnN0YW5jZS1hdHRyaWJ1dGUgLS1pbnN0YW5jZS1pZCAiJElOU1RBTkNFX0lEIiAtLW5vLXNvdXJjZS1kZXN0LWNoZWNrIC0tcmVnaW9uICIkUkVHSU9OIgo=",
            "vpc_security_group_ids": [
              "sg-08d8580fc2cf702ee"
            ]
          },
          "sensitive_attributes": [],
          "identity_schema_version": 0,
          "private": "bnVsbA==",
          "dependencies": [
            "aws_iam_instance_profile.asg_profile",
            "aws_iam_role.ec2_asg_role",
            "aws_key_pair.generated",
            "aws_security_group.asg_self",
            "random_id.suffix",
            "tls_private_key.generated"
          ],
          "create_before_destroy": true
        }
      ]
    },
    {
      "mode": "managed",
      "type": "aws_security_group",
      "name": "asg_self",
      "provider": "provider[\"registry.terraform.io/hashicorp/aws\"]",
      "instances": [
        {
          "schema_version": 1,
          "attributes": {
            "arn": "arn:aws:ec2:us-east-1:013941613503:security-group/sg-08d8580fc2cf702ee",
            "description": "Allow all traffic within this security group",
            "egress": [
              {
                "cidr_blocks": [
                  "0.0.0.0/0"
                ],
                "description": "Allow all outbound traffic",
                "from_port": 0,
                "ipv6_cidr_blocks": [],
                "prefix_list_ids": [],
                "protocol": "-1",
                "security_groups": [],
                "self": false,
                "to_port": 0
              }
            ],
            "id": "sg-08d8580fc2cf702ee",
            "ingress": [
              {
                "cidr_blocks": [
                  "0.0.0.0/0"
                ],
                "description": "Allow SSH from anywhere",
                "from_port": 22,
                "ipv6_cidr_blocks": [],
                "prefix_list_ids": [],
                "protocol": "tcp",
                "security_groups": [],
                "self": false,
                "to_port": 22
              },
              {
                "cidr_blocks": [],
                "description": "Allow all inbound traffic from instances with same SG",
                "from_port": 0,
                "ipv6_cidr_blocks": [],
                "prefix_list_ids": [],
                "protocol": "-1",
                "security_groups": [],
                "self": true,
                "to_port": 0
              }
            ],
            "name": "asg-self-group",
            "name_prefix": "",
            "owner_id": "013941613503",
            "revoke_rules_on_delete": false,
            "tags": {
              "Name": "asg-self-group"
            },
            "tags_all": {
              "Name": "asg-self-group"
            },
            "timeouts": null,
            "vpc_id": "vpc-0b43ceb930414023f"
          },
          "sensitive_attributes": [],
          "identity_schema_version": 0,
          "private": "eyJlMmJmYjczMC1lY2FhLTExZTYtOGY4OC0zNDM2M2JjN2M0YzAiOnsiY3JlYXRlIjo2MDAwMDAwMDAwMDAsImRlbGV0ZSI6OTAwMDAwMDAwMDAwfSwic2NoZW1hX3ZlcnNpb24iOiIxIn0=",
          "create_before_destroy": true
        }
      ]
    },
    {
      "mode": "managed",
      "type": "null_resource",
      "name": "frr_config_upload",
      "provider": "provider[\"registry.terraform.io/hashicorp/null\"]",
      "instances": [
        {
          "schema_version": 0,
          "attributes": {
            "id": "8196257142459810190",
            "triggers": {
              "image_pull_secret_data": "eyJhdXRocyI6eyIwMTM5NDE2MTM1MDMuZGtyLmVjci51cy1lYXN0LTEuYW1hem9uYXdzLmNvbSI6eyJ1c2VybmFtZSI6IkFXUyIsInBhc3N3b3JkIjoiZXlKd1lYbHNiMkZrSWpvaVZXSlZlWFJaVkdacWF6TldaMEV4ZDJka1ZVWlNVbEpCUVRsMldIQlNhV2RNV0ZGWk1sbDBLM1FyY0RabmQweHJNbWRhT1ZKWVJGUkdXbmxsWjI1RWRGRmhaa1ZVUWtsMFFYaHBSREIyYUVKNWIxRlVWRVZDVW5oc2RWVkZaMUJwYlRoemIzTlNZMEZYYXpKYWQxWXpXbVJCTW1WWVdXdHZlbkpuT1dkV2FWbEtMek1yVFhGNFNuWnlWMUl3YzJsc1ltOWtjbU5KZVVkVmJXeEtVRlZSUnpOUWMzcERjRXMyWXpoSVVYSk1WWFZZUWpJMGVtVm1SVTl3TUhvNWVIUkNZMjE1VmxKUVJtTnVZa3BDWTNCM2VYUndSRlpUUm1odWJFOVdka0YwY0dKWE9EbEZhWE0wV21WNVVIQlpabkU0UVRGRVJETmpOM0IxZEhwMlRubEJXblJZTlVWaGFqTllVbTF4TDJSbWNWTkNPVTFMY1RSbU9XWTFSM0lyUTA5Uk5WcHRRV1ZXUkdKWmJuZHpkREpGYVdsTFQybElabTh6YVZNd1N6ZFhRazh3YTFsT1FuSkVRakp2Tml0VGNXTTBSalprZWpkQlQzQlBPRmRxYmtSQ1p6WmxWVWxsWkhGMVprVm9NV0ptUVVab1R5czJhazFUUlhsRVZrMTNTRnBqYjNKVWVVcExNakEzWkdkUE5DOWllRFJxY0hRNU1IWjRiV3cxZG5SeldFUnZSVTByWjBSWGF6TjNSbTlVTUVabFdVbFhUVE5GTTI1UFFVMUJOaTlTY20xRlJWQjBibXczUXpCWVpUUnFRV0kzT1RoWVUzSnVhMkk1Tkd0TVMySnZOVEoyYWxvMmJsSm9NazR4TVc4dlRITTJNak0zT0U5V2RXeHNlVVZGVVZKa1p6VTJVeXNyWWxKTVdHNDNaWHBTVlZJellWaHdRM0E0WkVWVlFXdHVNV2hRTkM4NE5ETXdNUzgzV1U5S1EybHVSMVJGY2pndmFVTnpkbkZ6VGtnMlNVdFNUMEowUTNJM1dUUXZValp6YWk4dk1sUnhOa2s0Wm1NMFNFOXBSbGxuTnpsSk0wMXBibTAzYzBodU1pdEdhV2RYYlcwd1YwbHJWMlkxV1RSeVduQlVRMk5CWlRGRGFtdFRVbXMwYlV0MFJHczVaRmxRY0RKRmEzZHFNMWQxUVhKQmRHNXpRelVyYTNsWFlXa3dLM1k1VVcwNE9YUjNaWFJQS3pKT2JqSnRjRFJvVkZjdk1VdGlObU5pVVVVMlR6QkJZMkpKY1ROcWJGTlhha3MySzJWM1ZqVTJja2cxTkVvMGVWWXdTV0Y2YTBoR1pXZGFkRVJWTjAxb2FHZGhiVlowTmxoMWMxYzRaV2RyTjJadlpGSjNMM3BGUW1Od2VUQkVUbXRFV1RWTVlscE1kV3d5VTNkUFQwTXZXRTVOZURFMGJtbEtXbWxSYWtFNFJETkhZMmxuV0RkSWJXRTVhR3MwYnpOeFVXUk1iMEUxVlcxWWR6VnZSSGxwV0ZSTldIaFBTMjUzUkc4MmRqRkhhWGRNYkVKTk1FVkRUemxHVms4elRGbHJkVFJMV1hGYVlrY3dNVVpJV1RGa1NsSTJWMWhQUkdWcVFtUXZPWGh4YWxSVWFDdEVaVEZYVTFwNU5USklRamhqVVVST1lucElXVzVyUVhGWmVYQk1ZelUyWVhFNU9DdDBUazVSZWtvMWRDOUhTR1oyU2t4aFZXbFVSMDVyUkU0cmMyMXRka2RRV0ZRclQzWnBkRE5zUW05Vk5HWm1jbk5xV1RoaFpWWkJhMU1yTUhCd1dsUlFWVVpFWmxSa1NVZFJVeTlWT1M5NE4zRkxXWGs0ZERaS2Iyc3dWRXR3VGpJM2FXODNWa05rT1d4YVJHUmphMUF3U210YU5YSkZNM2RTY1ZJNFpGTnhNMUZsY0RsdEx6QnljMjgxWTNrd1FsSk1Va2R4WjJ4YVoxaEtlbVJYTWtWQk5UaFVZMDlzTDNSUlZGcExRamt6UzNGUGFra3ZjM1ZQTWpKMlNUVXJaazFHY2toUFUzVTVSRlZWT1RoWmVXUjJURXRaU0Uxek1YbHNSSGQxTm1SQ2JHcGhSbUkyUkhSaWVWQjNTek5TTDFaaGEwUnNlWFkwUm5wbk0zb3pTMVpIV1dRMmFHNVhWRVJ2VlhGNGVUbHFhVU42VlU5MlNqZDFaakZZWW1SUFRuUXdhRzV5ZDNGVkt6aE1ielF4ZEd4b2MyYzlJaXdpWkdGMFlXdGxlU0k2SWtGUlJVSkJTR2gzYlRCWllVbFRTbVZTZEVwdE5XNHhSeloxY1dWbGExaDFiMWhZVUdVMVZVWmpaVGxTY1Rndk1UUjNRVUZCU0RSM1prRlpTa3R2V2tsb2RtTk9RVkZqUjI5SE9IZGlVVWxDUVVSQ2IwSm5hM0ZvYTJsSE9YY3dRa0ozUlhkSVoxbEtXVWxhU1VGWFZVUkNRVVYxVFVKRlJVUkNObW8zV21KbWNEVndMMHB2Y2xGNmQwbENSVWxCTjFCQk1IcDBUM3BIVlRSSGIwOUJWV2xGTnpKb2JpOUpXSFpLUzFoT2VuQk9MM292TWtSbWNqUnpiRTFSZDNObE9FSlNZMjluVWtWd1FYUTNNMVpFY1RJMmNtSkRUVWxJWlhOa1VXRlJhRms5SWl3aWRtVnljMmx2YmlJNklqSWlMQ0owZVhCbElqb2lSRUZVUVY5TFJWa2lMQ0psZUhCcGNtRjBhVzl1SWpveE56UTVNVFk0T0RNeGZRPT0iLCJlbWFpbCI6Im5vdEB1c2VkLmNvbSIsImF1dGgiOiJRVmRUT21WNVNuZFpXR3h6WWpKR2EwbHFiMmxXVjBwV1pWaFNXbFpIV25GaGVrNVhXakJGZUdReVpHdFdWVnBUVld4S1FsRlViREpYU0VKVFlWZGtUVmRHUmxwTmJHd3dTek5SY21ORVdtNWtNSGh5VFcxa1lVOVdTbGxTUmxKSFYyNXNiRm95TlVWa1JrWm9XbXRXVlZGcmJEQlJXR2h3VWtSQ01tRkZTalZpTVVaVlZrVldRMVZ1YUhOa1ZsWkdXakZDY0dKVWFIcGlNMDVUV1RCR1dHRjZTbUZrTVZsNlYyMVNRazF0VmxsWFYzUjJaVzVLYms5WFpGZGhWbXhMVEhwTmNsUllSalJUYmxwNVZqRkpkMk15YkhOWmJUbHJZMjFPU21WVlpGWmlWM2hMVlVaV1VsSjZUbEZqTTNCRVkwVnpNbGw2YUVsVldFcE5WbGhXV1ZGcVNUQmxiVlp0VWxVNWQwMUlielZsU0ZKRFdUSXhOVlpzU2xGU2JVNTFXV3R3UTFrelFqTmxXRkozVWtaYVZGSnRhSFZpUlRsWFpHdEdNR05IU2xoUFJHeEdZVmhOTUZkdFZqVlZTRUphV201Rk5GRlVSa1ZTUkU1cVRqTkNNV1JJY0RKVWJteENWMjVTV1U1VlZtaGhhazVaVlcweGVFd3lVbTFqVms1RFQxVXhUR05VVW0xUFYxa3hVak5KY2xFd09WSk9WbkIwVVZkV1YxSkhTbHBpYm1SNlpFUktSbUZYYkV4VU1teEpXbTA0ZW1GV1RYZFRlbVJZVVdzNGQyRXhiRTlSYmtwRlVXcEtkazVwZEZSalYwMHdVbXBhYTJWcVpFSlVNMEpRVDBaa2NXSnJVa05hZWxwc1ZsVnNiRnBJUmpGYWExWnZUVmRLYlZGVldtOVVlWE15WVdzeFZGSlliRVZXYXpFelUwWndhbUl6U2xWbFZYQk1UV3BCTTFwSFpGQk9RemxwWlVSU2NXTklVVFZOU0ZvMFlsZDNNV1J1VW5wWFJWSjJVbFV3Y2xvd1VsaGhlazR6VW0wNVZVMUZXbXhYVld4WVZGUk9SazB5TlZCUlZURkNUbWs1VTJOdE1VWlNWa0l3WW0xM00xRjZRbGxhVkZKeFVWZEpNMDlVYUZsVk0wcDFZVEpKTlU1SGRFMVRNa3AyVGxSS01tRnNiekppYkVwdlRXczBlRTFYT0haVVNFMHlUV3BOTTA5Rk9WZGtWM2h6WlZWV1JsVldTbXRhZWxVeVZYbHpjbGxzU2sxWFJ6UXpXbGh3VTFaV1NYcFpWbWgzVVROQk5GcEZWbFpSVjNSMVRWZG9VVTVET0RST1JFMTNUVk00TTFkVk9VdFJNbXgxVWpGU1JtTnFaM1poVlU1NlpHNUdlbFJyWnpKVFZYUlRWREJLTUZFelNUTlhWRkYyVldwYWVtRnBPSFpOYkZKNFRtdHJORnB0VFRCVFJUbHdVbXhzYms1NmJFcE5NREZ3WW0wd00yTXdhSFZOYVhSSFlWZGtXR0pYTUhkV01HeHlWakpaTVZkVVVubFhia0pWVVRKT1FscFVSa1JoYlhSVVZXMXpNR0pWZERCU1IzTTFXa1pzVVdORVNrWmhNMlJ4VFRGa01WRllTa0prUnpWNlVYcFZjbUV6YkZoWlYydDNTek5aTlZWWE1EUlBXRkl6V2xoU1VFdDZTazlpYWtwMFkwUlNiMVpHWTNaTlZYUnBUbTFPYVZWVlZUSlVla0pDV1RKS1NtTlVUbkZpUms1WVlXdHpNa3N5VmpOV2FsVXlZMnRuTVU1RmJ6QmxWbGwzVTFkR05tRXdhRWRhVjJSaFpFVlNWazR3TVc5aFIyUm9ZbFphTUU1c2FERmpNV00wV2xka2NrNHlXblphUmtvelRETndSbEZ0VG5kbFZFSkZWRzEwUlZkVVZrMVpiSEJOWkZkM2VWVXpaRkJVTUUxMlYwVTFUbVZFUlRCaWJXeExWMjFzVW1GclJUUlNSRTVJV1RKc2JsZEVaRWxpVjBVMVlVZHpNR0o2VG5oVlYxSk5ZakJGTVZaWE1WbGtlbFoyVWtoc2NGZEdVazVYU0doUVV6STFNMUpIT0RKa2FrWklZVmhrVFdKRlNrNU5SVlpFVkhwc1IxWnJPSHBVUm14eVpGUlNURmRZUm1GWmEyTjNUVlZhU1ZkVVJtdFRiRWt5VmpGb1VGSkhWbkZSYlZGMlQxaG9lR0ZzVWxWaFEzUkZXbFJHV0ZVeGNEVk9WRXBKVVdwb2FsVlZVazlaYm5CSlYxYzFjbEZZUmxwbFdFSk5XWHBWTWxsWVJUVlBRM1F3VkdzMVVtVnJiekZrUXpsSVUwZGFNbE5yZUdoV1YyeFZVakExY2xKRk5ISmpNakYwWkd0a1VWZEdVWEpVTTFwd1pFUk9jMUZ0T1ZaT1IxcHRZMjVPY1ZkVWFHaGFWbHBDWVRGTmNrMUlRbmRYYkZKUlZsVmFSVnBzVW10VFZXUlNWWGs1Vms5VE9UUk9NMFpNVjFock5HUkVXa3RpTW5OM1ZrVjBkMVJxU1ROaFZ6Z3pWbXRPYTA5WGVHRlNSMUpxWVRGQmQxTnRkR0ZPV0VwR1RUTmtVMk5XU1RSYVJrNTRUVEZHYkdORWJIUk1la0o1WXpJNE1Wa3phM2RSYkVwTlZXdGtlRm95ZUdGYU1XaExaVzFTV0UxclZrSk9WR2hWV1RBNWMwd3pVbEpXUm5CTVVXcHJlbE16UmxCaGEydDJZek5XVUUxcVNqSlRWRlZ5V21zeFIyTnJhRkJWTTFVMVVrWldWazlVYUZwbFYxSXlWRVYwV2xORk1YcE5XR3h6VWtoa01VNXRVa05pUjNCb1VtMUpNbEpJVW1sbFZrSXpVM3BPVTB3eFdtaGhNRkp6WlZoWk1GSnVjRzVOTTI5NlV6RmFTRmRYVVRKaFJ6VllWa1ZTZGxaWVJqUmxWR3h4WVZWT05sWlZPVEpUYW1ReFdtcEdXVmx0VWxCVWJsRjNZVWMxZVdRelJsWkxlbWhOWW5wUmVHUkhlRzlqTW1NNVNXbDNhVnBIUmpCWlYzUnNaVk5KTmtsclJsSlNWVXBDVTBkb00ySlVRbHBaVld4VVUyMVdVMlJGY0hST1Z6UjRVbnBhTVdOWFZteGhNV2d4WWpGb1dWVkhWVEZXVlZwcVdsUnNVMk5VWjNaTlZGSXpVVlZHUWxORVVqTmFhMFphVTJ0MGRsZHJiRzlrYlU1UFVWWkdhbEl5T1VoUFNHUnBWVlZzUTFGVlVrTmlNRXB1WVROR2IyRXliRWhQV0dOM1VXdEtNMUpZWkVsYU1XeExWMVZzWVZOVlJsaFdWVkpEVVZWV01WUlZTa1pTVlZKRFRtMXZNMWR0U20xalJGWjNUREJ3ZG1Oc1JqWmtNR3hEVWxWc1FrNHhRa0pOU0hBd1ZETndTRlpVVWtoaU1EbENWbGRzUms1NlNtOWlhVGxLVjBoYVMxTXhhRTlsYmtKUFRETnZkazFyVW0xamFsSjZZa1V4VW1RelRteFBSVXBUV1RJNWJsVnJWbmRSV0ZFelRURmFSV05VU1RKamJVcEVWRlZzU1ZwWVRtdFZWMFpTWVVack9VbHBkMmxrYlZaNVl6SnNkbUpwU1RaSmFrbHBURU5LTUdWWVFteEphbTlwVWtWR1ZWRldPVXhTVm10cFRFTktiR1ZJUW5CamJVWXdZVmM1ZFVscWIzaE9lbEUxVFZSWk5FOUVUWGhtVVQwOSJ9fX0=",
              "instance_id": "i-0ff3a0636647b1d35",
              "private_ip": "172.31.27.229"
            }
          },
          "sensitive_attributes": [],
          "identity_schema_version": 0,
          "dependencies": [
            "aws_instance.frr_router",
            "aws_key_pair.generated",
            "aws_security_group.asg_self",
            "random_id.suffix",
            "tls_private_key.generated"
          ]
        }
      ]
    }
  ],
  "check_results": null
}
